
Microsoft Visual Studio Solution File, Format Version 12.00
# Visual Studio Version 17
VisualStudioVersion = 17.2.32630.192
MinimumVisualStudioVersion = 10.0.40219.1
Project("{FAE04EC0-301F-11D3-BF4B-00C04F79EFBC}") = "Heros0.0.1", "Heros0.0.1\Heros0.0.1.csproj", "{352ECDB2-8B1C-4481-B8FA-76FD08FB04E0}"
EndProject
Global
	GlobalSection(SolutionConfigurationPlatforms) = preSolution
		Debug|Any CPU = Debug|Any CPU
		Release|Any CPU = Release|Any CPU
	EndGlobalSection
	GlobalSection(ProjectConfigurationPlatforms) = postSolution
		{352ECDB2-8B1C-4481-B8FA-76FD08FB04E0}.Debug|Any CPU.ActiveCfg = Debug|Any CPU
		{352ECDB2-8B1C-4481-B8FA-76FD08FB04E0}.Debug|Any CPU.Build.0 = Debug|Any CPU
		{352ECDB2-8B1C-4481-B8FA-76FD08FB04E0}.Release|Any CPU.ActiveCfg = Release|Any CPU
		{352ECDB2-8B1C-4481-B8FA-76FD08FB04E0}.Release|Any CPU.Build.0 = Release|Any CPU
	EndGlobalSection
	GlobalSection(SolutionProperties) = preSolution
		HideSolutionNode = FALSE
	EndGlobalSection
	GlobalSection(ExtensibilityGlobals) = postSolution
		SolutionGuid = {0A380725-1679-4FC2-8CA9-7113449F6919}
	EndGlobalSection
EndGlobal
